
Microsoft Visual Studio Solution File, Format Version 12.00
# Visual Studio Version 17
VisualStudioVersion = 17.5.33530.505
MinimumVisualStudioVersion = 10.0.40219.1
Project("{FAE04EC0-301F-11D3-BF4B-00C04F79EFBC}") = "XamarinMVVMDemo.Android", "XamarinMVVMDemo\XamarinMVVMDemo.Android\XamarinMVVMDemo.Android.csproj", "{934CDC10-711A-4160-B2F2-6D3CA6F754E6}"
EndProject
Project("{FAE04EC0-301F-11D3-BF4B-00C04F79EFBC}") = "XamarinMVVMDemo.iOS", "XamarinMVVMDemo\XamarinMVVMDemo.iOS\XamarinMVVMDemo.iOS.csproj", "{5AD7F42A-A1F0-4E78-A31C-5939B198981C}"
EndProject
Project("{FAE04EC0-301F-11D3-BF4B-00C04F79EFBC}") = "XamarinMVVMDemo", "XamarinMVVMDemo\XamarinMVVMDemo\XamarinMVVMDemo.csproj", "{838FC142-CC37-4FFA-BABF-FFD436615322}"
EndProject
Global
	GlobalSection(SolutionConfigurationPlatforms) = preSolution
		Debug|Any CPU = Debug|Any CPU
		Debug|iPhone = Debug|iPhone
		Debug|iPhoneSimulator = Debug|iPhoneSimulator
		Release|Any CPU = Release|Any CPU
		Release|iPhone = Release|iPhone
		Release|iPhoneSimulator = Release|iPhoneSimulator
	EndGlobalSection
	GlobalSection(ProjectConfigurationPlatforms) = postSolution
		{934CDC10-711A-4160-B2F2-6D3CA6F754E6}.Debug|Any CPU.ActiveCfg = Debug|Any CPU
		{934CDC10-711A-4160-B2F2-6D3CA6F754E6}.Debug|Any CPU.Build.0 = Debug|Any CPU
		{934CDC10-711A-4160-B2F2-6D3CA6F754E6}.Debug|Any CPU.Deploy.0 = Debug|Any CPU
		{934CDC10-711A-4160-B2F2-6D3CA6F754E6}.Debug|iPhone.ActiveCfg = Debug|Any CPU
		{934CDC10-711A-4160-B2F2-6D3CA6F754E6}.Debug|iPhone.Build.0 = Debug|Any CPU
		{934CDC10-711A-4160-B2F2-6D3CA6F754E6}.Debug|iPhone.Deploy.0 = Debug|Any CPU
		{934CDC10-711A-4160-B2F2-6D3CA6F754E6}.Debug|iPhoneSimulator.ActiveCfg = Debug|Any CPU
		{934CDC10-711A-4160-B2F2-6D3CA6F754E6}.Debug|iPhoneSimulator.Build.0 = Debug|Any CPU
		{934CDC10-711A-4160-B2F2-6D3CA6F754E6}.Debug|iPhoneSimulator.Deploy.0 = Debug|Any CPU
		{934CDC10-711A-4160-B2F2-6D3CA6F754E6}.Release|Any CPU.ActiveCfg = Release|Any CPU
		{934CDC10-711A-4160-B2F2-6D3CA6F754E6}.Release|Any CPU.Build.0 = Release|Any CPU
		{934CDC10-711A-4160-B2F2-6D3CA6F754E6}.Release|Any CPU.Deploy.0 = Release|Any CPU
		{934CDC10-711A-4160-B2F2-6D3CA6F754E6}.Release|iPhone.ActiveCfg = Release|Any CPU
		{934CDC10-711A-4160-B2F2-6D3CA6F754E6}.Release|iPhone.Build.0 = Release|Any CPU
		{934CDC10-711A-4160-B2F2-6D3CA6F754E6}.Release|iPhone.Deploy.0 = Release|Any CPU
		{934CDC10-711A-4160-B2F2-6D3CA6F754E6}.Release|iPhoneSimulator.ActiveCfg = Release|Any CPU
		{934CDC10-711A-4160-B2F2-6D3CA6F754E6}.Release|iPhoneSimulator.Build.0 = Release|Any CPU
		{934CDC10-711A-4160-B2F2-6D3CA6F754E6}.Release|iPhoneSimulator.Deploy.0 = Release|Any CPU
		{5AD7F42A-A1F0-4E78-A31C-5939B198981C}.Debug|Any CPU.ActiveCfg = Debug|iPhone
		{5AD7F42A-A1F0-4E78-A31C-5939B198981C}.Debug|Any CPU.Build.0 = Debug|iPhone
		{5AD7F42A-A1F0-4E78-A31C-5939B198981C}.Debug|Any CPU.Deploy.0 = Debug|iPhone
		{5AD7F42A-A1F0-4E78-A31C-5939B198981C}.Debug|iPhone.ActiveCfg = Debug|iPhone
		{5AD7F42A-A1F0-4E78-A31C-5939B198981C}.Debug|iPhone.Build.0 = Debug|iPhone
		{5AD7F42A-A1F0-4E78-A31C-5939B198981C}.Debug|iPhone.Deploy.0 = Debug|iPhone
		{5AD7F42A-A1F0-4E78-A31C-5939B198981C}.Debug|iPhoneSimulator.ActiveCfg = Debug|iPhoneSimulator
		{5AD7F42A-A1F0-4E78-A31C-5939B198981C}.Debug|iPhoneSimulator.Build.0 = Debug|iPhoneSimulator
		{5AD7F42A-A1F0-4E78-A31C-5939B198981C}.Debug|iPhoneSimulator.Deploy.0 = Debug|iPhoneSimulator
		{5AD7F42A-A1F0-4E78-A31C-5939B198981C}.Release|Any CPU.ActiveCfg = Release|iPhoneSimulator
		{5AD7F42A-A1F0-4E78-A31C-5939B198981C}.Release|Any CPU.Build.0 = Release|iPhoneSimulator
		{5AD7F42A-A1F0-4E78-A31C-5939B198981C}.Release|Any CPU.Deploy.0 = Release|iPhoneSimulator
		{5AD7F42A-A1F0-4E78-A31C-5939B198981C}.Release|iPhone.ActiveCfg = Release|iPhone
		{5AD7F42A-A1F0-4E78-A31C-5939B198981C}.Release|iPhone.Build.0 = Release|iPhone
		{5AD7F42A-A1F0-4E78-A31C-5939B198981C}.Release|iPhone.Deploy.0 = Release|iPhone
		{5AD7F42A-A1F0-4E78-A31C-5939B198981C}.Release|iPhoneSimulator.ActiveCfg = Release|iPhoneSimulator
		{5AD7F42A-A1F0-4E78-A31C-5939B198981C}.Release|iPhoneSimulator.Build.0 = Release|iPhoneSimulator
		{5AD7F42A-A1F0-4E78-A31C-5939B198981C}.Release|iPhoneSimulator.Deploy.0 = Release|iPhoneSimulator
		{838FC142-CC37-4FFA-BABF-FFD436615322}.Debug|Any CPU.ActiveCfg = Debug|Any CPU
		{838FC142-CC37-4FFA-BABF-FFD436615322}.Debug|Any CPU.Build.0 = Debug|Any CPU
		{838FC142-CC37-4FFA-BABF-FFD436615322}.Debug|Any CPU.Deploy.0 = Debug|Any CPU
		{838FC142-CC37-4FFA-BABF-FFD436615322}.Debug|iPhone.ActiveCfg = Debug|Any CPU
		{838FC142-CC37-4FFA-BABF-FFD436615322}.Debug|iPhone.Build.0 = Debug|Any CPU
		{838FC142-CC37-4FFA-BABF-FFD436615322}.Debug|iPhone.Deploy.0 = Debug|Any CPU
		{838FC142-CC37-4FFA-BABF-FFD436615322}.Debug|iPhoneSimulator.ActiveCfg = Debug|Any CPU
		{838FC142-CC37-4FFA-BABF-FFD436615322}.Debug|iPhoneSimulator.Build.0 = Debug|Any CPU
		{838FC142-CC37-4FFA-BABF-FFD436615322}.Debug|iPhoneSimulator.Deploy.0 = Debug|Any CPU
		{838FC142-CC37-4FFA-BABF-FFD436615322}.Release|Any CPU.ActiveCfg = Release|Any CPU
		{838FC142-CC37-4FFA-BABF-FFD436615322}.Release|Any CPU.Build.0 = Release|Any CPU
		{838FC142-CC37-4FFA-BABF-FFD436615322}.Release|Any CPU.Deploy.0 = Release|Any CPU
		{838FC142-CC37-4FFA-BABF-FFD436615322}.Release|iPhone.ActiveCfg = Release|Any CPU
		{838FC142-CC37-4FFA-BABF-FFD436615322}.Release|iPhone.Build.0 = Release|Any CPU
		{838FC142-CC37-4FFA-BABF-FFD436615322}.Release|iPhone.Deploy.0 = Release|Any CPU
		{838FC142-CC37-4FFA-BABF-FFD436615322}.Release|iPhoneSimulator.ActiveCfg = Release|Any CPU
		{838FC142-CC37-4FFA-BABF-FFD436615322}.Release|iPhoneSimulator.Build.0 = Release|Any CPU
		{838FC142-CC37-4FFA-BABF-FFD436615322}.Release|iPhoneSimulator.Deploy.0 = Release|Any CPU
	EndGlobalSection
	GlobalSection(SolutionProperties) = preSolution
		HideSolutionNode = FALSE
	EndGlobalSection
	GlobalSection(ExtensibilityGlobals) = postSolution
		SolutionGuid = {9CBF77C1-98C7-4092-89CF-DC74119395C9}
	EndGlobalSection
EndGlobal
